// !$*UTF8*$!
{
	archiveVersion = 1;
	classes = {
	};
	objectVersion = 46;
	objects = {

/* Begin PBXBuildFile section */
		6FE9CC2B1B100BDE00451819 /* AppDelegate.swift in Sources */ = {isa = PBXBuildFile; fileRef = 6FE9CC2A1B100BDE00451819 /* AppDelegate.swift */; };
		6FE9CC2D1B100BDE00451819 /* ViewController.swift in Sources */ = {isa = PBXBuildFile; fileRef = 6FE9CC2C1B100BDE00451819 /* ViewController.swift */; };
		6FE9CC301B100BDE00451819 /* Main.storyboard in Resources */ = {isa = PBXBuildFile; fileRef = 6FE9CC2E1B100BDE00451819 /* Main.storyboard */; };
		6FE9CC321B100BDE00451819 /* Images.xcassets in Resources */ = {isa = PBXBuildFile; fileRef = 6FE9CC311B100BDE00451819 /* Images.xcassets */; };
		6FE9CC351B100BDE00451819 /* LaunchScreen.xib in Resources */ = {isa = PBXBuildFile; fileRef = 6FE9CC331B100BDE00451819 /* LaunchScreen.xib */; };
		6FE9CC411B100BDE00451819 /* TextFieldsChallengeAppTests.swift in Sources */ = {isa = PBXBuildFile; fileRef = 6FE9CC401B100BDE00451819 /* TextFieldsChallengeAppTests.swift */; };
		6FE9CC4C1B101B6000451819 /* ZipCodeDelegate.swift in Sources */ = {isa = PBXBuildFile; fileRef = 6FE9CC4B1B101B6000451819 /* ZipCodeDelegate.swift */; };
		6FE9CC4E1B102D3100451819 /* CurrencyDelegate.swift in Sources */ = {isa = PBXBuildFile; fileRef = 6FE9CC4D1B102D3100451819 /* CurrencyDelegate.swift */; };
/* End PBXBuildFile section */

/* Begin PBXContainerItemProxy section */
		6FE9CC3B1B100BDE00451819 /* PBXContainerItemProxy */ = {
			isa = PBXContainerItemProxy;
			containerPortal = 6FE9CC1D1B100BDE00451819 /* Project object */;
			proxyType = 1;
			remoteGlobalIDString = 6FE9CC241B100BDE00451819;
			remoteInfo = TextFieldsChallengeApp;
		};
/* End PBXContainerItemProxy section */

/* Begin PBXFileReference section */
		6FE9CC251B100BDE00451819 /* TextFieldsChallengeApp.app */ = {isa = PBXFileReference; explicitFileType = wrapper.application; includeInIndex = 0; path = TextFieldsChallengeApp.app; sourceTree = BUILT_PRODUCTS_DIR; };
		6FE9CC291B100BDE00451819 /* Info.plist */ = {isa = PBXFileReference; lastKnownFileType = text.plist.xml; path = Info.plist; sourceTree = "<group>"; };
		6FE9CC2A1B100BDE00451819 /* AppDelegate.swift */ = {isa = PBXFileReference; lastKnownFileType = sourcecode.swift; path = AppDelegate.swift; sourceTree = "<group>"; };
		6FE9CC2C1B100BDE00451819 /* ViewController.swift */ = {isa = PBXFileReference; lastKnownFileType = sourcecode.swift; path = ViewController.swift; sourceTree = "<group>"; };
		6FE9CC2F1B100BDE00451819 /* Base */ = {isa = PBXFileReference; lastKnownFileType = file.storyboard; name = Base; path = Base.lproj/Main.storyboard; sourceTree = "<group>"; };
		6FE9CC311B100BDE00451819 /* Images.xcassets */ = {isa = PBXFileReference; lastKnownFileType = folder.assetcatalog; path = Images.xcassets; sourceTree = "<group>"; };
		6FE9CC341B100BDE00451819 /* Base */ = {isa = PBXFileReference; lastKnownFileType = file.xib; name = Base; path = Base.lproj/LaunchScreen.xib; sourceTree = "<group>"; };
		6FE9CC3A1B100BDE00451819 /* TextFieldsChallengeAppTests.xctest */ = {isa = PBXFileReference; explicitFileType = wrapper.cfbundle; includeInIndex = 0; path = TextFieldsChallengeAppTests.xctest; sourceTree = BUILT_PRODUCTS_DIR; };
		6FE9CC3F1B100BDE00451819 /* Info.plist */ = {isa = PBXFileReference; lastKnownFileType = text.plist.xml; path = Info.plist; sourceTree = "<group>"; };
		6FE9CC401B100BDE00451819 /* TextFieldsChallengeAppTests.swift */ = {isa = PBXFileReference; lastKnownFileType = sourcecode.swift; path = TextFieldsChallengeAppTests.swift; sourceTree = "<group>"; };
		6FE9CC4B1B101B6000451819 /* ZipCodeDelegate.swift */ = {isa = PBXFileReference; fileEncoding = 4; lastKnownFileType = sourcecode.swift; path = ZipCodeDelegate.swift; sourceTree = "<group>"; };
		6FE9CC4D1B102D3100451819 /* CurrencyDelegate.swift */ = {isa = PBXFileReference; fileEncoding = 4; lastKnownFileType = sourcecode.swift; path = CurrencyDelegate.swift; sourceTree = "<group>"; };
/* End PBXFileReference section */

/* Begin PBXFrameworksBuildPhase section */
		6FE9CC221B100BDE00451819 /* Frameworks */ = {
			isa = PBXFrameworksBuildPhase;
			buildActionMask = 2147483647;
			files = (
			);
			runOnlyForDeploymentPostprocessing = 0;
		};
		6FE9CC371B100BDE00451819 /* Frameworks */ = {
			isa = PBXFrameworksBuildPhase;
			buildActionMask = 2147483647;
			files = (
			);
			runOnlyForDeploymentPostprocessing = 0;
		};
/* End PBXFrameworksBuildPhase section */

/* Begin PBXGroup section */
		6FE9CC1C1B100BDE00451819 = {
			isa = PBXGroup;
			children = (
				6FE9CC271B100BDE00451819 /* TextFieldsChallengeApp */,
				6FE9CC3D1B100BDE00451819 /* TextFieldsChallengeAppTests */,
				6FE9CC261B100BDE00451819 /* Products */,
			);
			sourceTree = "<group>";
		};
		6FE9CC261B100BDE00451819 /* Products */ = {
			isa = PBXGroup;
			children = (
				6FE9CC251B100BDE00451819 /* TextFieldsChallengeApp.app */,
				6FE9CC3A1B100BDE00451819 /* TextFieldsChallengeAppTests.xctest */,
			);
			name = Products;
			sourceTree = "<group>";
		};
		6FE9CC271B100BDE00451819 /* TextFieldsChallengeApp */ = {
			isa = PBXGroup;
			children = (
				6FE9CC4A1B101B3A00451819 /* Delegates */,
				6FE9CC2A1B100BDE00451819 /* AppDelegate.swift */,
				6FE9CC2C1B100BDE00451819 /* ViewController.swift */,
				6FE9CC2E1B100BDE00451819 /* Main.storyboard */,
				6FE9CC311B100BDE00451819 /* Images.xcassets */,
				6FE9CC331B100BDE00451819 /* LaunchScreen.xib */,
				6FE9CC281B100BDE00451819 /* Supporting Files */,
			);
			path = TextFieldsChallengeApp;
			sourceTree = "<group>";
		};
		6FE9CC281B100BDE00451819 /* Supporting Files */ = {
			isa = PBXGroup;
			children = (
				6FE9CC291B100BDE00451819 /* Info.plist */,
			);
			name = "Supporting Files";
			sourceTree = "<group>";
		};
		6FE9CC3D1B100BDE00451819 /* TextFieldsChallengeAppTests */ = {
			isa = PBXGroup;
			children = (
				6FE9CC401B100BDE00451819 /* TextFieldsChallengeAppTests.swift */,
				6FE9CC3E1B100BDE00451819 /* Supporting Files */,
			);
			path = TextFieldsChallengeAppTests;
			sourceTree = "<group>";
		};
		6FE9CC3E1B100BDE00451819 /* Supporting Files */ = {
			isa = PBXGroup;
			children = (
				6FE9CC3F1B100BDE00451819 /* Info.plist */,
			);
			name = "Supporting Files";
			sourceTree = "<group>";
		};
		6FE9CC4A1B101B3A00451819 /* Delegates */ = {
			isa = PBXGroup;
			children = (
				6FE9CC4B1B101B6000451819 /* ZipCodeDelegate.swift */,
				6FE9CC4D1B102D3100451819 /* CurrencyDelegate.swift */,
			);
			name = Delegates;
			sourceTree = "<group>";
		};
/* End PBXGroup section */

/* Begin PBXNativeTarget section */
		6FE9CC241B100BDE00451819 /* TextFieldsChallengeApp */ = {
			isa = PBXNativeTarget;
			buildConfigurationList = 6FE9CC441B100BDE00451819 /* Build configuration list for PBXNativeTarget "TextFieldsChallengeApp" */;
			buildPhases = (
				6FE9CC211B100BDE00451819 /* Sources */,
				6FE9CC221B100BDE00451819 /* Frameworks */,
				6FE9CC231B100BDE00451819 /* Resources */,
			);
			buildRules = (
			);
			dependencies = (
			);
			name = TextFieldsChallengeApp;
			productName = TextFieldsChallengeApp;
			productReference = 6FE9CC251B100BDE00451819 /* TextFieldsChallengeApp.app */;
			productType = "com.apple.product-type.application";
		};
		6FE9CC391B100BDE00451819 /* TextFieldsChallengeAppTests */ = {
			isa = PBXNativeTarget;
			buildConfigurationList = 6FE9CC471B100BDE00451819 /* Build configuration list for PBXNativeTarget "TextFieldsChallengeAppTests" */;
			buildPhases = (
				6FE9CC361B100BDE00451819 /* Sources */,
				6FE9CC371B100BDE00451819 /* Frameworks */,
				6FE9CC381B100BDE00451819 /* Resources */,
			);
			buildRules = (
			);
			dependencies = (
				6FE9CC3C1B100BDE00451819 /* PBXTargetDependency */,
			);
			name = TextFieldsChallengeAppTests;
			productName = TextFieldsChallengeAppTests;
			productReference = 6FE9CC3A1B100BDE00451819 /* TextFieldsChallengeAppTests.xctest */;
			productType = "com.apple.product-type.bundle.unit-test";
		};
/* End PBXNativeTarget section */

/* Begin PBXProject section */
		6FE9CC1D1B100BDE00451819 /* Project object */ = {
			isa = PBXProject;
			attributes = {
				LastUpgradeCheck = 0630;
				ORGANIZATIONNAME = Ken;
				TargetAttributes = {
					6FE9CC241B100BDE00451819 = {
						CreatedOnToolsVersion = 6.3.2;
					};
					6FE9CC391B100BDE00451819 = {
						CreatedOnToolsVersion = 6.3.2;
						TestTargetID = 6FE9CC241B100BDE00451819;
					};
				};
			};
			buildConfigurationList = 6FE9CC201B100BDE00451819 /* Build configuration list for PBXProject "TextFieldsChallengeApp" */;
			compatibilityVersion = "Xcode 3.2";
			developmentRegion = English;
			hasScannedForEncodings = 0;
			knownRegions = (
				en,
				Base,
			);
			mainGroup = 6FE9CC1C1B100BDE00451819;
			productRefGroup = 6FE9CC261B100BDE00451819 /* Products */;
			projectDirPath = "";
			projectRoot = "";
			targets = (
				6FE9CC241B100BDE00451819 /* TextFieldsChallengeApp */,
				6FE9CC391B100BDE00451819 /* TextFieldsChallengeAppTests */,
			);
		};
/* End PBXProject section */

/* Begin PBXResourcesBuildPhase section */
		6FE9CC231B100BDE00451819 /* Resources */ = {
			isa = PBXResourcesBuildPhase;
			buildActionMask = 2147483647;
			files = (
				6FE9CC301B100BDE00451819 /* Main.storyboard in Resources */,
				6FE9CC351B100BDE00451819 /* LaunchScreen.xib in Resources */,
				6FE9CC321B100BDE00451819 /* Images.xcassets in Resources */,
			);
			runOnlyForDeploymentPostprocessing = 0;
		};
		6FE9CC381B100BDE00451819 /* Resources */ = {
			isa = PBXResourcesBuildPhase;
			buildActionMask = 2147483647;
			files = (
			);
			runOnlyForDeploymentPostprocessing = 0;
		};
/* End PBXResourcesBuildPhase section */

/* Begin PBXSourcesBuildPhase section */
		6FE9CC211B100BDE00451819 /* Sources */ = {
			isa = PBXSourcesBuildPhase;
			buildActionMask = 2147483647;
			files = (
				6FE9CC2D1B100BDE00451819 /* ViewController.swift in Sources */,
				6FE9CC4C1B101B6000451819 /* ZipCodeDelegate.swift in Sources */,
				6FE9CC2B1B100BDE00451819 /* AppDelegate.swift in Sources */,
				6FE9CC4E1B102D3100451819 /* CurrencyDelegate.swift in Sources */,
			);
			runOnlyForDeploymentPostprocessing = 0;
		};
		6FE9CC361B100BDE00451819 /* Sources */ = {
			isa = PBXSourcesBuildPhase;
			buildActionMask = 2147483647;
			files = (
				6FE9CC411B100BDE00451819 /* TextFieldsChallengeAppTests.swift in Sources */,
			);
			runOnlyForDeploymentPostprocessing = 0;
		};
/* End PBXSourcesBuildPhase section */

/* Begin PBXTargetDependency section */
		6FE9CC3C1B100BDE00451819 /* PBXTargetDependency */ = {
			isa = PBXTargetDependency;
			target = 6FE9CC241B100BDE00451819 /* TextFieldsChallengeApp */;
			targetProxy = 6FE9CC3B1B100BDE00451819 /* PBXContainerItemProxy */;
		};
/* End PBXTargetDependency section */

/* Begin PBXVariantGroup section */
		6FE9CC2E1B100BDE00451819 /* Main.storyboard */ = {
			isa = PBXVariantGroup;
			children = (
				6FE9CC2F1B100BDE00451819 /* Base */,
			);
			name = Main.storyboard;
			sourceTree = "<group>";
		};
		6FE9CC331B100BDE00451819 /* LaunchScreen.xib */ = {
			isa = PBXVariantGroup;
			children = (
				6FE9CC341B100BDE00451819 /* Base */,
			);
			name = LaunchScreen.xib;
			sourceTree = "<group>";
		};
/* End PBXVariantGroup section */

/* Begin XCBuildConfiguration section */
		6FE9CC421B100BDE00451819 /* Debug */ = {
			isa = XCBuildConfiguration;
			buildSettings = {
				ALWAYS_SEARCH_USER_PATHS = NO;
				CLANG_CXX_LANGUAGE_STANDARD = "gnu++0x";
				CLANG_CXX_LIBRARY = "libc++";
				CLANG_ENABLE_MODULES = YES;
				CLANG_ENABLE_OBJC_ARC = YES;
				CLANG_WARN_BOOL_CONVERSION = YES;
				CLANG_WARN_CONSTANT_CONVERSION = YES;
				CLANG_WARN_DIRECT_OBJC_ISA_USAGE = YES_ERROR;
				CLANG_WARN_EMPTY_BODY = YES;
				CLANG_WARN_ENUM_CONVERSION = YES;
				CLANG_WARN_INT_CONVERSION = YES;
				CLANG_WARN_OBJC_ROOT_CLASS = YES_ERROR;
				CLANG_WARN_UNREACHABLE_CODE = YES;
				CLANG_WARN__DUPLICATE_METHOD_MATCH = YES;
				"CODE_SIGN_IDENTITY[sdk=iphoneos*]" = "iPhone Developer";
				COPY_PHASE_STRIP = NO;
				DEBUG_INFORMATION_FORMAT = "dwarf-with-dsym";
				ENABLE_STRICT_OBJC_MSGSEND = YES;
				GCC_C_LANGUAGE_STANDARD = gnu99;
				GCC_DYNAMIC_NO_PIC = NO;
				GCC_NO_COMMON_BLOCKS = YES;
				GCC_OPTIMIZATION_LEVEL = 0;
				GCC_PREPROCESSOR_DEFINITIONS = (
					"DEBUG=1",
					"$(inherited)",
				);
				GCC_SYMBOLS_PRIVATE_EXTERN = NO;
				GCC_WARN_64_TO_32_BIT_CONVERSION = YES;
				GCC_WARN_ABOUT_RETURN_TYPE = YES_ERROR;
				GCC_WARN_UNDECLARED_SELECTOR = YES;
				GCC_WARN_UNINITIALIZED_AUTOS = YES_AGGRESSIVE;
				GCC_WARN_UNUSED_FUNCTION = YES;
				GCC_WARN_UNUSED_VARIABLE = YES;
				IPHONEOS_DEPLOYMENT_TARGET = 8.3;
				MTL_ENABLE_DEBUG_INFO = YES;
				ONLY_ACTIVE_ARCH = YES;
				SDKROOT = iphoneos;
				SWIFT_OPTIMIZATION_LEVEL = "-Onone";
			};
			name = Debug;
		};
		6FE9CC431B100BDE00451819 /* Release */ = {
			isa = XCBuildConfiguration;
			buildSettings = {
				ALWAYS_SEARCH_USER_PATHS = NO;
				CLANG_CXX_LANGUAGE_STANDARD = "gnu++0x";
				CLANG_CXX_LIBRARY = "libc++";
				CLANG_ENABLE_MODULES = YES;
				CLANG_ENABLE_OBJC_ARC = YES;
				CLANG_WARN_BOOL_CONVERSION = YES;
				CLANG_WARN_CONSTANT_CONVERSION = YES;
				CLANG_WARN_DIRECT_OBJC_ISA_USAGE = YES_ERROR;
				CLANG_WARN_EMPTY_BODY = YES;
				CLANG_WARN_ENUM_CONVERSION = YES;
				CLANG_WARN_INT_CONVERSION = YES;
				CLANG_WARN_OBJC_ROOT_CLASS = YES_ERROR;
				CLANG_WARN_UNREACHABLE_CODE = YES;
				CLANG_WARN__DUPLICATE_METHOD_MATCH = YES;
				"CODE_SIGN_IDENTITY[sdk=iphoneos*]" = "iPhone Developer";
				COPY_PHASE_STRIP = NO;
				DEBUG_INFORMATION_FORMAT = "dwarf-with-dsym";
				ENABLE_NS_ASSERTIONS = NO;
				ENABLE_STRICT_OBJC_MSGSEND = YES;
				GCC_C_LANGUAGE_STANDARD = gnu99;
				GCC_NO_COMMON_BLOCKS = YES;
				GCC_WARN_64_TO_32_BIT_CONVERSION = YES;
				GCC_WARN_ABOUT_RETURN_TYPE = YES_ERROR;
				GCC_WARN_UNDECLARED_SELECTOR = YES;
				GCC_WARN_UNINITIALIZED_AUTOS = YES_AGGRESSIVE;
				GCC_WARN_UNUSED_FUNCTION = YES;
				GCC_WARN_UNUSED_VARIABLE = YES;
				IPHONEOS_DEPLOYMENT_TARGET = 8.3;
				MTL_ENABLE_DEBUG_INFO = NO;
				SDKROOT = iphoneos;
				VALIDATE_PRODUCT = YES;
			};
			name = Release;
		};
		6FE9CC451B100BDE00451819 /* Debug */ = {
			isa = XCBuildConfiguration;
			buildSettings = {
				ASSETCATALOG_COMPILER_APPICON_NAME = AppIcon;
				INFOPLIST_FILE = TextFieldsChallengeApp/Info.plist;
				LD_RUNPATH_SEARCH_PATHS = "$(inherited) @executable_path/Frameworks";
				PRODUCT_NAME = "$(TARGET_NAME)";
			};
			name = Debug;
		};
		6FE9CC461B100BDE00451819 /* Release */ = {
			isa = XCBuildConfiguration;
			buildSettings = {
				ASSETCATALOG_COMPILER_APPICON_NAME = AppIcon;
				INFOPLIST_FILE = TextFieldsChallengeApp/Info.plist;
				LD_RUNPATH_SEARCH_PATHS = "$(inherited) @executable_path/Frameworks";
				PRODUCT_NAME = "$(TARGET_NAME)";
			};
			name = Release;
		};
		6FE9CC481B100BDE00451819 /* Debug */ = {
			isa = XCBuildConfiguration;
			buildSettings = {
				BUNDLE_LOADER = "$(TEST_HOST)";
				FRAMEWORK_SEARCH_PATHS = (
					"$(SDKROOT)/Developer/Library/Frameworks",
					"$(inherited)",
				);
				GCC_PREPROCESSOR_DEFINITIONS = (
					"DEBUG=1",
					"$(inherited)",
				);
				INFOPLIST_FILE = TextFieldsChallengeAppTests/Info.plist;
				LD_RUNPATH_SEARCH_PATHS = "$(inherited) @executable_path/Frameworks @loader_path/Frameworks";
				PRODUCT_NAME = "$(TARGET_NAME)";
				TEST_HOST = "$(BUILT_PRODUCTS_DIR)/TextFieldsChallengeApp.app/TextFieldsChallengeApp";
			};
			name = Debug;
		};
		6FE9CC491B100BDE00451819 /* Release */ = {
			isa = XCBuildConfiguration;
			buildSettings = {
				BUNDLE_LOADER = "$(TEST_HOST)";
				FRAMEWORK_SEARCH_PATHS = (
					"$(SDKROOT)/Developer/Library/Frameworks",
					"$(inherited)",
				);
				INFOPLIST_FILE = TextFieldsChallengeAppTests/Info.plist;
				LD_RUNPATH_SEARCH_PATHS = "$(inherited) @executable_path/Frameworks @loader_path/Frameworks";
				PRODUCT_NAME = "$(TARGET_NAME)";
				TEST_HOST = "$(BUILT_PRODUCTS_DIR)/TextFieldsChallengeApp.app/TextFieldsChallengeApp";
			};
			name = Release;
		};
/* End XCBuildConfiguration section */

/* Begin XCConfigurationList section */
		6FE9CC201B100BDE00451819 /* Build configuration list for PBXProject "TextFieldsChallengeApp" */ = {
			isa = XCConfigurationList;
			buildConfigurations = (
				6FE9CC421B100BDE00451819 /* Debug */,
				6FE9CC431B100BDE00451819 /* Release */,
			);
			defaultConfigurationIsVisible = 0;
			defaultConfigurationName = Release;
		};
		6FE9CC441B100BDE00451819 /* Build configuration list for PBXNativeTarget "TextFieldsChallengeApp" */ = {
			isa = XCConfigurationList;
			buildConfigurations = (
				6FE9CC451B100BDE00451819 /* Debug */,
				6FE9CC461B100BDE00451819 /* Release */,
			);
			defaultConfigurationIsVisible = 0;
		};
		6FE9CC471B100BDE00451819 /* Build configuration list for PBXNativeTarget "TextFieldsChallengeAppTests" */ = {
			isa = XCConfigurationList;
			buildConfigurations = (
				6FE9CC481B100BDE00451819 /* Debug */,
				6FE9CC491B100BDE00451819 /* Release */,
			);
			defaultConfigurationIsVisible = 0;
		};
/* End XCConfigurationList section */
	};
	rootObject = 6FE9CC1D1B100BDE00451819 /* Project object */;
}
